
Microsoft Visual Studio Solution File, Format Version 12.00
# Visual Studio Version 17
VisualStudioVersion = 17.8.34330.188
MinimumVisualStudioVersion = 10.0.40219.1
Project("{888888A0-9F3D-457C-B088-3A5042F75D52}") = "BasicProjet", "BasicProjet\BasicProjet.pyproj", "{3389B04A-C007-4848-B830-B022EEC63765}"
EndProject
Global
	GlobalSection(SolutionConfigurationPlatforms) = preSolution
		Debug|Any CPU = Debug|Any CPU
		Release|Any CPU = Release|Any CPU
	EndGlobalSection
	GlobalSection(ProjectConfigurationPlatforms) = postSolution
		{3389B04A-C007-4848-B830-B022EEC63765}.Debug|Any CPU.ActiveCfg = Debug|Any CPU
		{3389B04A-C007-4848-B830-B022EEC63765}.Debug|Any CPU.Build.0 = Debug|Any CPU
		{3389B04A-C007-4848-B830-B022EEC63765}.Release|Any CPU.ActiveCfg = Release|Any CPU
		{3389B04A-C007-4848-B830-B022EEC63765}.Release|Any CPU.Build.0 = Release|Any CPU
	EndGlobalSection
	GlobalSection(SolutionProperties) = preSolution
		HideSolutionNode = FALSE
	EndGlobalSection
	GlobalSection(ExtensibilityGlobals) = postSolution
		SolutionGuid = {2A1474F7-5B32-4D20-971F-8BF5F6914377}
	EndGlobalSection
EndGlobal
